
Microsoft Visual Studio Solution File, Format Version 12.00
# Visual Studio 15
VisualStudioVersion = 15.0.27428.2037
MinimumVisualStudioVersion = 10.0.40219.1
Project("{FAE04EC0-301F-11D3-BF4B-00C04F79EFBC}") = "BookmarksBase.Importer", "BookmarksBase.Importer\BookmarksBase.Importer.csproj", "{BE4E1760-A9F1-4CC1-9C07-56DFE0D02FCE}"
EndProject
Project("{FAE04EC0-301F-11D3-BF4B-00C04F79EFBC}") = "BookmarksBase.Tests", "BookmarksBase.Tests\BookmarksBase.Tests.csproj", "{41C1EB2E-5492-4D7B-B1EB-085FC49718F7}"
EndProject
Project("{FAE04EC0-301F-11D3-BF4B-00C04F79EFBC}") = "BookmarksBase.Search", "BookmarksBase.Search\BookmarksBase.Search.csproj", "{3EC5DCF4-F301-41CD-9A7C-ED3237F44AE2}"
EndProject
Project("{FAE04EC0-301F-11D3-BF4B-00C04F79EFBC}") = "BookmarksBase.Storage", "BookmarksBase.Storage\BookmarksBase.Storage.csproj", "{D1F00331-AFFA-4EB0-8DEE-ECA282BCAE0F}"
EndProject
Project("{FAE04EC0-301F-11D3-BF4B-00C04F79EFBC}") = "BookmarksBase.Exporter", "BookmarksBase.Exporter\BookmarksBase.Exporter.csproj", "{047E4D7D-4DFC-4CB1-9C7F-B165B9BA2D72}"
EndProject
Global
	GlobalSection(SolutionConfigurationPlatforms) = preSolution
		Debug|Any CPU = Debug|Any CPU
		Release|Any CPU = Release|Any CPU
	EndGlobalSection
	GlobalSection(ProjectConfigurationPlatforms) = postSolution
		{BE4E1760-A9F1-4CC1-9C07-56DFE0D02FCE}.Debug|Any CPU.ActiveCfg = Debug|Any CPU
		{BE4E1760-A9F1-4CC1-9C07-56DFE0D02FCE}.Debug|Any CPU.Build.0 = Debug|Any CPU
		{BE4E1760-A9F1-4CC1-9C07-56DFE0D02FCE}.Release|Any CPU.ActiveCfg = Release|Any CPU
		{BE4E1760-A9F1-4CC1-9C07-56DFE0D02FCE}.Release|Any CPU.Build.0 = Release|Any CPU
		{41C1EB2E-5492-4D7B-B1EB-085FC49718F7}.Debug|Any CPU.ActiveCfg = Debug|Any CPU
		{41C1EB2E-5492-4D7B-B1EB-085FC49718F7}.Debug|Any CPU.Build.0 = Debug|Any CPU
		{41C1EB2E-5492-4D7B-B1EB-085FC49718F7}.Release|Any CPU.ActiveCfg = Release|Any CPU
		{41C1EB2E-5492-4D7B-B1EB-085FC49718F7}.Release|Any CPU.Build.0 = Release|Any CPU
		{3EC5DCF4-F301-41CD-9A7C-ED3237F44AE2}.Debug|Any CPU.ActiveCfg = Debug|Any CPU
		{3EC5DCF4-F301-41CD-9A7C-ED3237F44AE2}.Debug|Any CPU.Build.0 = Debug|Any CPU
		{3EC5DCF4-F301-41CD-9A7C-ED3237F44AE2}.Release|Any CPU.ActiveCfg = Release|Any CPU
		{3EC5DCF4-F301-41CD-9A7C-ED3237F44AE2}.Release|Any CPU.Build.0 = Release|Any CPU
		{D1F00331-AFFA-4EB0-8DEE-ECA282BCAE0F}.Debug|Any CPU.ActiveCfg = Debug|Any CPU
		{D1F00331-AFFA-4EB0-8DEE-ECA282BCAE0F}.Debug|Any CPU.Build.0 = Debug|Any CPU
		{D1F00331-AFFA-4EB0-8DEE-ECA282BCAE0F}.Release|Any CPU.ActiveCfg = Release|Any CPU
		{D1F00331-AFFA-4EB0-8DEE-ECA282BCAE0F}.Release|Any CPU.Build.0 = Release|Any CPU
		{047E4D7D-4DFC-4CB1-9C7F-B165B9BA2D72}.Debug|Any CPU.ActiveCfg = Debug|Any CPU
		{047E4D7D-4DFC-4CB1-9C7F-B165B9BA2D72}.Debug|Any CPU.Build.0 = Debug|Any CPU
		{047E4D7D-4DFC-4CB1-9C7F-B165B9BA2D72}.Release|Any CPU.ActiveCfg = Release|Any CPU
		{047E4D7D-4DFC-4CB1-9C7F-B165B9BA2D72}.Release|Any CPU.Build.0 = Release|Any CPU
	EndGlobalSection
	GlobalSection(SolutionProperties) = preSolution
		HideSolutionNode = FALSE
	EndGlobalSection
	GlobalSection(ExtensibilityGlobals) = postSolution
		SolutionGuid = {957B63F5-EB12-4870-BA91-EBD83B6B9FF3}
	EndGlobalSection
	GlobalSection(Performance) = preSolution
		HasPerformanceSessions = true
	EndGlobalSection
	GlobalSection(Performance) = preSolution
		HasPerformanceSessions = true
	EndGlobalSection
EndGlobal
